// !$*UTF8*$!
{
	archiveVersion = 1;
	classes = {
	};
	objectVersion = 56;
	objects = {

/* Begin PBXBuildFile section */
		6C478B1A2BDBC22400F79086 /* URLSessionExtensions.swift in Sources */ = {isa = PBXBuildFile; fileRef = 6C478B192BDBC22400F79086 /* URLSessionExtensions.swift */; };
		6C478B1C2BDBC2B500F79086 /* Urls.swift in Sources */ = {isa = PBXBuildFile; fileRef = 6C478B1B2BDBC2B500F79086 /* Urls.swift */; };
		6CD7F7B22BD80EDC00C3B155 /* AppDelegate.swift in Sources */ = {isa = PBXBuildFile; fileRef = 6CD7F7B12BD80EDC00C3B155 /* AppDelegate.swift */; };
		6CD7F7B42BD80EDC00C3B155 /* SceneDelegate.swift in Sources */ = {isa = PBXBuildFile; fileRef = 6CD7F7B32BD80EDC00C3B155 /* SceneDelegate.swift */; };
		6CD7F7B62BD80EDC00C3B155 /* ViewController.swift in Sources */ = {isa = PBXBuildFile; fileRef = 6CD7F7B52BD80EDC00C3B155 /* ViewController.swift */; };
		6CD7F7B92BD80EDC00C3B155 /* Base in Resources */ = {isa = PBXBuildFile; fileRef = 6CD7F7B82BD80EDC00C3B155 /* Base */; };
		6CD7F7BB2BD80EE100C3B155 /* Assets.xcassets in Resources */ = {isa = PBXBuildFile; fileRef = 6CD7F7BA2BD80EE100C3B155 /* Assets.xcassets */; };
		6CD7F7BE2BD80EE100C3B155 /* Base in Resources */ = {isa = PBXBuildFile; fileRef = 6CD7F7BD2BD80EE100C3B155 /* Base */; };
		6CD7F7C82BD83B6100C3B155 /* Colors.swift in Sources */ = {isa = PBXBuildFile; fileRef = 6CD7F7C72BD83B6100C3B155 /* Colors.swift */; };
		6CD7F7CC2BD83E4A00C3B155 /* Network.swift in Sources */ = {isa = PBXBuildFile; fileRef = 6CD7F7CB2BD83E4A00C3B155 /* Network.swift */; };
/* End PBXBuildFile section */

/* Begin PBXFileReference section */
		6C478B192BDBC22400F79086 /* URLSessionExtensions.swift */ = {isa = PBXFileReference; lastKnownFileType = sourcecode.swift; path = URLSessionExtensions.swift; sourceTree = "<group>"; };
		6C478B1B2BDBC2B500F79086 /* Urls.swift */ = {isa = PBXFileReference; lastKnownFileType = sourcecode.swift; path = Urls.swift; sourceTree = "<group>"; };
		6CD7F7AE2BD80EDC00C3B155 /* HomeWork19.app */ = {isa = PBXFileReference; explicitFileType = wrapper.application; includeInIndex = 0; path = HomeWork19.app; sourceTree = BUILT_PRODUCTS_DIR; };
		6CD7F7B12BD80EDC00C3B155 /* AppDelegate.swift */ = {isa = PBXFileReference; lastKnownFileType = sourcecode.swift; path = AppDelegate.swift; sourceTree = "<group>"; };
		6CD7F7B32BD80EDC00C3B155 /* SceneDelegate.swift */ = {isa = PBXFileReference; lastKnownFileType = sourcecode.swift; path = SceneDelegate.swift; sourceTree = "<group>"; };
		6CD7F7B52BD80EDC00C3B155 /* ViewController.swift */ = {isa = PBXFileReference; lastKnownFileType = sourcecode.swift; path = ViewController.swift; sourceTree = "<group>"; };
		6CD7F7B82BD80EDC00C3B155 /* Base */ = {isa = PBXFileReference; lastKnownFileType = file.storyboard; name = Base; path = Base.lproj/Main.storyboard; sourceTree = "<group>"; };
		6CD7F7BA2BD80EE100C3B155 /* Assets.xcassets */ = {isa = PBXFileReference; lastKnownFileType = folder.assetcatalog; path = Assets.xcassets; sourceTree = "<group>"; };
		6CD7F7BD2BD80EE100C3B155 /* Base */ = {isa = PBXFileReference; lastKnownFileType = file.storyboard; name = Base; path = Base.lproj/LaunchScreen.storyboard; sourceTree = "<group>"; };
		6CD7F7BF2BD80EE100C3B155 /* Info.plist */ = {isa = PBXFileReference; lastKnownFileType = text.plist.xml; path = Info.plist; sourceTree = "<group>"; };
		6CD7F7C72BD83B6100C3B155 /* Colors.swift */ = {isa = PBXFileReference; lastKnownFileType = sourcecode.swift; path = Colors.swift; sourceTree = "<group>"; };
		6CD7F7CB2BD83E4A00C3B155 /* Network.swift */ = {isa = PBXFileReference; lastKnownFileType = sourcecode.swift; path = Network.swift; sourceTree = "<group>"; };
/* End PBXFileReference section */

/* Begin PBXFrameworksBuildPhase section */
		6CD7F7AB2BD80EDC00C3B155 /* Frameworks */ = {
			isa = PBXFrameworksBuildPhase;
			buildActionMask = 2147483647;
			files = (
			);
			runOnlyForDeploymentPostprocessing = 0;
		};
/* End PBXFrameworksBuildPhase section */

/* Begin PBXGroup section */
		6C478B182BDBC1FB00F79086 /* Extension */ = {
			isa = PBXGroup;
			children = (
				6C478B192BDBC22400F79086 /* URLSessionExtensions.swift */,
			);
			path = Extension;
			sourceTree = "<group>";
		};
		6CD7F7A52BD80EDC00C3B155 = {
			isa = PBXGroup;
			children = (
				6CD7F7B02BD80EDC00C3B155 /* HomeWork19 */,
				6CD7F7AF2BD80EDC00C3B155 /* Products */,
			);
			sourceTree = "<group>";
		};
		6CD7F7AF2BD80EDC00C3B155 /* Products */ = {
			isa = PBXGroup;
			children = (
				6CD7F7AE2BD80EDC00C3B155 /* HomeWork19.app */,
			);
			name = Products;
			sourceTree = "<group>";
		};
		6CD7F7B02BD80EDC00C3B155 /* HomeWork19 */ = {
			isa = PBXGroup;
			children = (
				6CD7F7CD2BD843A200C3B155 /* Source */,
				6CD7F7CE2BD843B400C3B155 /* Resource */,
			);
			path = HomeWork19;
			sourceTree = "<group>";
		};
		6CD7F7CD2BD843A200C3B155 /* Source */ = {
			isa = PBXGroup;
			children = (
				6CD7F7CF2BD843D200C3B155 /* AppDelegate */,
				6C478B182BDBC1FB00F79086 /* Extension */,
				6CD7F7D12BD8443C00C3B155 /* Common */,
				6CD7F7D02BD8440700C3B155 /* Service */,
				6CD7F7D22BD8446D00C3B155 /* Module */,
			);
			path = Source;
			sourceTree = "<group>";
		};
		6CD7F7CE2BD843B400C3B155 /* Resource */ = {
			isa = PBXGroup;
			children = (
				6CD7F7B72BD80EDC00C3B155 /* Main.storyboard */,
				6CD7F7BA2BD80EE100C3B155 /* Assets.xcassets */,
				6CD7F7BC2BD80EE100C3B155 /* LaunchScreen.storyboard */,
				6CD7F7BF2BD80EE100C3B155 /* Info.plist */,
			);
			path = Resource;
			sourceTree = "<group>";
		};
		6CD7F7CF2BD843D200C3B155 /* AppDelegate */ = {
			isa = PBXGroup;
			children = (
				6CD7F7B12BD80EDC00C3B155 /* AppDelegate.swift */,
				6CD7F7B32BD80EDC00C3B155 /* SceneDelegate.swift */,
			);
			path = AppDelegate;
			sourceTree = "<group>";
		};
		6CD7F7D02BD8440700C3B155 /* Service */ = {
			isa = PBXGroup;
			children = (
				6CD7F7CB2BD83E4A00C3B155 /* Network.swift */,
			);
			path = Service;
			sourceTree = "<group>";
		};
		6CD7F7D12BD8443C00C3B155 /* Common */ = {
			isa = PBXGroup;
			children = (
				6CD7F7C72BD83B6100C3B155 /* Colors.swift */,
				6C478B1B2BDBC2B500F79086 /* Urls.swift */,
			);
			path = Common;
			sourceTree = "<group>";
		};
		6CD7F7D22BD8446D00C3B155 /* Module */ = {
			isa = PBXGroup;
			children = (
				6CD7F7B52BD80EDC00C3B155 /* ViewController.swift */,
			);
			path = Module;
			sourceTree = "<group>";
		};
/* End PBXGroup section */

/* Begin PBXNativeTarget section */
		6CD7F7AD2BD80EDC00C3B155 /* HomeWork19 */ = {
			isa = PBXNativeTarget;
			buildConfigurationList = 6CD7F7C22BD80EE100C3B155 /* Build configuration list for PBXNativeTarget "HomeWork19" */;
			buildPhases = (
				6CD7F7AA2BD80EDC00C3B155 /* Sources */,
				6CD7F7AB2BD80EDC00C3B155 /* Frameworks */,
				6CD7F7AC2BD80EDC00C3B155 /* Resources */,
			);
			buildRules = (
			);
			dependencies = (
			);
			name = HomeWork19;
			productName = HomeWork19;
			productReference = 6CD7F7AE2BD80EDC00C3B155 /* HomeWork19.app */;
			productType = "com.apple.product-type.application";
		};
/* End PBXNativeTarget section */

/* Begin PBXProject section */
		6CD7F7A62BD80EDC00C3B155 /* Project object */ = {
			isa = PBXProject;
			attributes = {
				BuildIndependentTargetsInParallel = 1;
				LastSwiftUpdateCheck = 1530;
				LastUpgradeCheck = 1530;
				TargetAttributes = {
					6CD7F7AD2BD80EDC00C3B155 = {
						CreatedOnToolsVersion = 15.3;
					};
				};
			};
			buildConfigurationList = 6CD7F7A92BD80EDC00C3B155 /* Build configuration list for PBXProject "HomeWork19" */;
			compatibilityVersion = "Xcode 14.0";
			developmentRegion = en;
			hasScannedForEncodings = 0;
			knownRegions = (
				en,
				Base,
			);
			mainGroup = 6CD7F7A52BD80EDC00C3B155;
			productRefGroup = 6CD7F7AF2BD80EDC00C3B155 /* Products */;
			projectDirPath = "";
			projectRoot = "";
			targets = (
				6CD7F7AD2BD80EDC00C3B155 /* HomeWork19 */,
			);
		};
/* End PBXProject section */

/* Begin PBXResourcesBuildPhase section */
		6CD7F7AC2BD80EDC00C3B155 /* Resources */ = {
			isa = PBXResourcesBuildPhase;
			buildActionMask = 2147483647;
			files = (
				6CD7F7BB2BD80EE100C3B155 /* Assets.xcassets in Resources */,
				6CD7F7BE2BD80EE100C3B155 /* Base in Resources */,
				6CD7F7B92BD80EDC00C3B155 /* Base in Resources */,
			);
			runOnlyForDeploymentPostprocessing = 0;
		};
/* End PBXResourcesBuildPhase section */

/* Begin PBXSourcesBuildPhase section */
		6CD7F7AA2BD80EDC00C3B155 /* Sources */ = {
			isa = PBXSourcesBuildPhase;
			buildActionMask = 2147483647;
			files = (
				6CD7F7CC2BD83E4A00C3B155 /* Network.swift in Sources */,
				6CD7F7B62BD80EDC00C3B155 /* ViewController.swift in Sources */,
				6C478B1C2BDBC2B500F79086 /* Urls.swift in Sources */,
				6C478B1A2BDBC22400F79086 /* URLSessionExtensions.swift in Sources */,
				6CD7F7B22BD80EDC00C3B155 /* AppDelegate.swift in Sources */,
				6CD7F7B42BD80EDC00C3B155 /* SceneDelegate.swift in Sources */,
				6CD7F7C82BD83B6100C3B155 /* Colors.swift in Sources */,
			);
			runOnlyForDeploymentPostprocessing = 0;
		};
/* End PBXSourcesBuildPhase section */

/* Begin PBXVariantGroup section */
		6CD7F7B72BD80EDC00C3B155 /* Main.storyboard */ = {
			isa = PBXVariantGroup;
			children = (
				6CD7F7B82BD80EDC00C3B155 /* Base */,
			);
			name = Main.storyboard;
			sourceTree = "<group>";
		};
		6CD7F7BC2BD80EE100C3B155 /* LaunchScreen.storyboard */ = {
			isa = PBXVariantGroup;
			children = (
				6CD7F7BD2BD80EE100C3B155 /* Base */,
			);
			name = LaunchScreen.storyboard;
			sourceTree = "<group>";
		};
/* End PBXVariantGroup section */

/* Begin XCBuildConfiguration section */
		6CD7F7C02BD80EE100C3B155 /* Debug */ = {
			isa = XCBuildConfiguration;
			buildSettings = {
				ALWAYS_SEARCH_USER_PATHS = NO;
				ASSETCATALOG_COMPILER_GENERATE_SWIFT_ASSET_SYMBOL_EXTENSIONS = YES;
				CLANG_ANALYZER_NONNULL = YES;
				CLANG_ANALYZER_NUMBER_OBJECT_CONVERSION = YES_AGGRESSIVE;
				CLANG_CXX_LANGUAGE_STANDARD = "gnu++20";
				CLANG_ENABLE_MODULES = YES;
				CLANG_ENABLE_OBJC_ARC = YES;
				CLANG_ENABLE_OBJC_WEAK = YES;
				CLANG_WARN_BLOCK_CAPTURE_AUTORELEASING = YES;
				CLANG_WARN_BOOL_CONVERSION = YES;
				CLANG_WARN_COMMA = YES;
				CLANG_WARN_CONSTANT_CONVERSION = YES;
				CLANG_WARN_DEPRECATED_OBJC_IMPLEMENTATIONS = YES;
				CLANG_WARN_DIRECT_OBJC_ISA_USAGE = YES_ERROR;
				CLANG_WARN_DOCUMENTATION_COMMENTS = YES;
				CLANG_WARN_EMPTY_BODY = YES;
				CLANG_WARN_ENUM_CONVERSION = YES;
				CLANG_WARN_INFINITE_RECURSION = YES;
				CLANG_WARN_INT_CONVERSION = YES;
				CLANG_WARN_NON_LITERAL_NULL_CONVERSION = YES;
				CLANG_WARN_OBJC_IMPLICIT_RETAIN_SELF = YES;
				CLANG_WARN_OBJC_LITERAL_CONVERSION = YES;
				CLANG_WARN_OBJC_ROOT_CLASS = YES_ERROR;
				CLANG_WARN_QUOTED_INCLUDE_IN_FRAMEWORK_HEADER = YES;
				CLANG_WARN_RANGE_LOOP_ANALYSIS = YES;
				CLANG_WARN_STRICT_PROTOTYPES = YES;
				CLANG_WARN_SUSPICIOUS_MOVE = YES;
				CLANG_WARN_UNGUARDED_AVAILABILITY = YES_AGGRESSIVE;
				CLANG_WARN_UNREACHABLE_CODE = YES;
				CLANG_WARN__DUPLICATE_METHOD_MATCH = YES;
				COPY_PHASE_STRIP = NO;
				DEBUG_INFORMATION_FORMAT = dwarf;
				ENABLE_STRICT_OBJC_MSGSEND = YES;
				ENABLE_TESTABILITY = YES;
				ENABLE_USER_SCRIPT_SANDBOXING = YES;
				GCC_C_LANGUAGE_STANDARD = gnu17;
				GCC_DYNAMIC_NO_PIC = NO;
				GCC_NO_COMMON_BLOCKS = YES;
				GCC_OPTIMIZATION_LEVEL = 0;
				GCC_PREPROCESSOR_DEFINITIONS = (
					"DEBUG=1",
					"$(inherited)",
				);
				GCC_WARN_64_TO_32_BIT_CONVERSION = YES;
				GCC_WARN_ABOUT_RETURN_TYPE = YES_ERROR;
				GCC_WARN_UNDECLARED_SELECTOR = YES;
				GCC_WARN_UNINITIALIZED_AUTOS = YES_AGGRESSIVE;
				GCC_WARN_UNUSED_FUNCTION = YES;
				GCC_WARN_UNUSED_VARIABLE = YES;
				IPHONEOS_DEPLOYMENT_TARGET = 17.4;
				LOCALIZATION_PREFERS_STRING_CATALOGS = YES;
				MTL_ENABLE_DEBUG_INFO = INCLUDE_SOURCE;
				MTL_FAST_MATH = YES;
				ONLY_ACTIVE_ARCH = YES;
				SDKROOT = iphoneos;
				SWIFT_ACTIVE_COMPILATION_CONDITIONS = "DEBUG $(inherited)";
				SWIFT_OPTIMIZATION_LEVEL = "-Onone";
			};
			name = Debug;
		};
		6CD7F7C12BD80EE100C3B155 /* Release */ = {
			isa = XCBuildConfiguration;
			buildSettings = {
				ALWAYS_SEARCH_USER_PATHS = NO;
				ASSETCATALOG_COMPILER_GENERATE_SWIFT_ASSET_SYMBOL_EXTENSIONS = YES;
				CLANG_ANALYZER_NONNULL = YES;
				CLANG_ANALYZER_NUMBER_OBJECT_CONVERSION = YES_AGGRESSIVE;
				CLANG_CXX_LANGUAGE_STANDARD = "gnu++20";
				CLANG_ENABLE_MODULES = YES;
				CLANG_ENABLE_OBJC_ARC = YES;
				CLANG_ENABLE_OBJC_WEAK = YES;
				CLANG_WARN_BLOCK_CAPTURE_AUTORELEASING = YES;
				CLANG_WARN_BOOL_CONVERSION = YES;
				CLANG_WARN_COMMA = YES;
				CLANG_WARN_CONSTANT_CONVERSION = YES;
				CLANG_WARN_DEPRECATED_OBJC_IMPLEMENTATIONS = YES;
				CLANG_WARN_DIRECT_OBJC_ISA_USAGE = YES_ERROR;
				CLANG_WARN_DOCUMENTATION_COMMENTS = YES;
				CLANG_WARN_EMPTY_BODY = YES;
				CLANG_WARN_ENUM_CONVERSION = YES;
				CLANG_WARN_INFINITE_RECURSION = YES;
				CLANG_WARN_INT_CONVERSION = YES;
				CLANG_WARN_NON_LITERAL_NULL_CONVERSION = YES;
				CLANG_WARN_OBJC_IMPLICIT_RETAIN_SELF = YES;
				CLANG_WARN_OBJC_LITERAL_CONVERSION = YES;
				CLANG_WARN_OBJC_ROOT_CLASS = YES_ERROR;
				CLANG_WARN_QUOTED_INCLUDE_IN_FRAMEWORK_HEADER = YES;
				CLANG_WARN_RANGE_LOOP_ANALYSIS = YES;
				CLANG_WARN_STRICT_PROTOTYPES = YES;
				CLANG_WARN_SUSPICIOUS_MOVE = YES;
				CLANG_WARN_UNGUARDED_AVAILABILITY = YES_AGGRESSIVE;
				CLANG_WARN_UNREACHABLE_CODE = YES;
				CLANG_WARN__DUPLICATE_METHOD_MATCH = YES;
				COPY_PHASE_STRIP = NO;
				DEBUG_INFORMATION_FORMAT = "dwarf-with-dsym";
				ENABLE_NS_ASSERTIONS = NO;
				ENABLE_STRICT_OBJC_MSGSEND = YES;
				ENABLE_USER_SCRIPT_SANDBOXING = YES;
				GCC_C_LANGUAGE_STANDARD = gnu17;
				GCC_NO_COMMON_BLOCKS = YES;
				GCC_WARN_64_TO_32_BIT_CONVERSION = YES;
				GCC_WARN_ABOUT_RETURN_TYPE = YES_ERROR;
				GCC_WARN_UNDECLARED_SELECTOR = YES;
				GCC_WARN_UNINITIALIZED_AUTOS = YES_AGGRESSIVE;
				GCC_WARN_UNUSED_FUNCTION = YES;
				GCC_WARN_UNUSED_VARIABLE = YES;
				IPHONEOS_DEPLOYMENT_TARGET = 17.4;
				LOCALIZATION_PREFERS_STRING_CATALOGS = YES;
				MTL_ENABLE_DEBUG_INFO = NO;
				MTL_FAST_MATH = YES;
				SDKROOT = iphoneos;
				SWIFT_COMPILATION_MODE = wholemodule;
				VALIDATE_PRODUCT = YES;
			};
			name = Release;
		};
		6CD7F7C32BD80EE100C3B155 /* Debug */ = {
			isa = XCBuildConfiguration;
			buildSettings = {
				ASSETCATALOG_COMPILER_APPICON_NAME = AppIcon;
				ASSETCATALOG_COMPILER_GLOBAL_ACCENT_COLOR_NAME = AccentColor;
				CODE_SIGN_STYLE = Automatic;
				CURRENT_PROJECT_VERSION = 1;
				DEVELOPMENT_TEAM = 5G9A582T98;
				GENERATE_INFOPLIST_FILE = YES;
				INFOPLIST_FILE = HomeWork19/Resource/Info.plist;
				INFOPLIST_KEY_UIApplicationSupportsIndirectInputEvents = YES;
				INFOPLIST_KEY_UILaunchStoryboardName = LaunchScreen;
				INFOPLIST_KEY_UIMainStoryboardFile = Main;
				INFOPLIST_KEY_UISupportedInterfaceOrientations_iPad = "UIInterfaceOrientationPortrait UIInterfaceOrientationPortraitUpsideDown UIInterfaceOrientationLandscapeLeft UIInterfaceOrientationLandscapeRight";
				INFOPLIST_KEY_UISupportedInterfaceOrientations_iPhone = "UIInterfaceOrientationPortrait UIInterfaceOrientationLandscapeLeft UIInterfaceOrientationLandscapeRight";
				IPHONEOS_DEPLOYMENT_TARGET = 17.0;
				LD_RUNPATH_SEARCH_PATHS = (
					"$(inherited)",
					"@executable_path/Frameworks",
				);
				MARKETING_VERSION = 1.0;
				PRODUCT_BUNDLE_IDENTIFIER = "iOSCourse-CHISW.HomeWork19";
				PRODUCT_NAME = "$(TARGET_NAME)";
				SWIFT_EMIT_LOC_STRINGS = YES;
				SWIFT_VERSION = 5.0;
				TARGETED_DEVICE_FAMILY = "1,2";
			};
			name = Debug;
		};
		6CD7F7C42BD80EE100C3B155 /* Release */ = {
			isa = XCBuildConfiguration;
			buildSettings = {
				ASSETCATALOG_COMPILER_APPICON_NAME = AppIcon;
				ASSETCATALOG_COMPILER_GLOBAL_ACCENT_COLOR_NAME = AccentColor;
				CODE_SIGN_STYLE = Automatic;
				CURRENT_PROJECT_VERSION = 1;
				DEVELOPMENT_TEAM = 5G9A582T98;
				GENERATE_INFOPLIST_FILE = YES;
				INFOPLIST_FILE = HomeWork19/Resource/Info.plist;
				INFOPLIST_KEY_UIApplicationSupportsIndirectInputEvents = YES;
				INFOPLIST_KEY_UILaunchStoryboardName = LaunchScreen;
				INFOPLIST_KEY_UIMainStoryboardFile = Main;
				INFOPLIST_KEY_UISupportedInterfaceOrientations_iPad = "UIInterfaceOrientationPortrait UIInterfaceOrientationPortraitUpsideDown UIInterfaceOrientationLandscapeLeft UIInterfaceOrientationLandscapeRight";
				INFOPLIST_KEY_UISupportedInterfaceOrientations_iPhone = "UIInterfaceOrientationPortrait UIInterfaceOrientationLandscapeLeft UIInterfaceOrientationLandscapeRight";
				IPHONEOS_DEPLOYMENT_TARGET = 17.0;
				LD_RUNPATH_SEARCH_PATHS = (
					"$(inherited)",
					"@executable_path/Frameworks",
				);
				MARKETING_VERSION = 1.0;
				PRODUCT_BUNDLE_IDENTIFIER = "iOSCourse-CHISW.HomeWork19";
				PRODUCT_NAME = "$(TARGET_NAME)";
				SWIFT_EMIT_LOC_STRINGS = YES;
				SWIFT_VERSION = 5.0;
				TARGETED_DEVICE_FAMILY = "1,2";
			};
			name = Release;
		};
/* End XCBuildConfiguration section */

/* Begin XCConfigurationList section */
		6CD7F7A92BD80EDC00C3B155 /* Build configuration list for PBXProject "HomeWork19" */ = {
			isa = XCConfigurationList;
			buildConfigurations = (
				6CD7F7C02BD80EE100C3B155 /* Debug */,
				6CD7F7C12BD80EE100C3B155 /* Release */,
			);
			defaultConfigurationIsVisible = 0;
			defaultConfigurationName = Release;
		};
		6CD7F7C22BD80EE100C3B155 /* Build configuration list for PBXNativeTarget "HomeWork19" */ = {
			isa = XCConfigurationList;
			buildConfigurations = (
				6CD7F7C32BD80EE100C3B155 /* Debug */,
				6CD7F7C42BD80EE100C3B155 /* Release */,
			);
			defaultConfigurationIsVisible = 0;
			defaultConfigurationName = Release;
		};
/* End XCConfigurationList section */
	};
	rootObject = 6CD7F7A62BD80EDC00C3B155 /* Project object */;
}
